schema: '2.0'
stages:
  data_ingestion:
    cmd: python src/data_ingestion.py
    deps:
    - path: params.yaml
      hash: md5
      md5: cc0ae6555cd317e5aa423b3af63049c6
      size: 127
    - path: src/data_ingestion.py
      hash: md5
      md5: 31549ce77059c3168298322fda186cfd
      size: 3072
    params:
      params.yaml:
        data_ingestion.test_size: 0.2
    outs:
    - path: data/raw
      hash: md5
      md5: 1a287d34dc172d9f950c03dae35f7e73.dir
      size: 484846
      nfiles: 2
  data_preprocessing:
    cmd: python src/data_preprocessing.py
    deps:
    - path: data/raw
      hash: md5
      md5: 1a287d34dc172d9f950c03dae35f7e73.dir
      size: 484846
      nfiles: 2
    - path: src/data_preprocessing.py
      hash: md5
      md5: ddc2dc4ade72804bc47355f7cbb377e4
      size: 4944
    outs:
    - path: data/interim
      hash: md5
      md5: d99be5cb2b019d747166f90739fa6d08.dir
      size: 260073
      nfiles: 2
  feature_eng:
    cmd: python src/feature_eng.py
    deps:
    - path: data/interim
      hash: md5
      md5: d99be5cb2b019d747166f90739fa6d08.dir
      size: 260073
      nfiles: 2
    - path: params.yaml
      hash: md5
      md5: cc0ae6555cd317e5aa423b3af63049c6
      size: 127
    - path: src/feature_eng.py
      hash: md5
      md5: 26d32b474076618a1582cf0aa6243e09
      size: 4457
    params:
      params.yaml:
        feature_eng.max_features: 35
    outs:
    - path: data/processed
      hash: md5
      md5: a8c07e8093dadb60b7a4d952b7a27628.dir
      size: 834750
      nfiles: 2
  model_training:
    cmd: python src/model_training.py
    deps:
    - path: data/processed
      hash: md5
      md5: a8c07e8093dadb60b7a4d952b7a27628.dir
      size: 834750
      nfiles: 2
    - path: params.yaml
      hash: md5
      md5: cc0ae6555cd317e5aa423b3af63049c6
      size: 127
    - path: src/model_training.py
      hash: md5
      md5: 87cbed07c5335ed1124c83d0e9591cad
      size: 4997
    params:
      params.yaml:
        model_training.n_estimators: 22
        model_training.random_state: 2
    outs:
    - path: models/model.pkl
      hash: md5
      md5: 5af5c3d0c879996c28f147a563519b96
      size: 720147
  model_evaluation:
    cmd: python src/model_evaluation.py
    deps:
    - path: data/processed
      hash: md5
      md5: a8c07e8093dadb60b7a4d952b7a27628.dir
      size: 834750
      nfiles: 2
    - path: models/model.pkl
      hash: md5
      md5: 5af5c3d0c879996c28f147a563519b96
      size: 720147
    - path: src/model_evaluation.py
      hash: md5
      md5: 0f9b56cd7ab4cfa7073a113d032f7bc7
      size: 5339
    outs:
    - path: reports/metrics.json
      hash: md5
      md5: abba219d58644dde3de017d8eedbd8b8
      size: 145
